<?xml version="1.0" encoding="utf-8"?>
<Project ToolsVersion="17.0" xmlns="http://schemas.microsoft.com/developer/msbuild/2003">
  <ItemGroup>
    <ClCompile Include="D:\Development\AdventOfCode2025\cpp_src\main.cpp" />
    <ClCompile Include="D:\Development\AdventOfCode2025\cpp_src\mod.cpp" />
  </ItemGroup>
  <ItemGroup>
    <ClInclude Include="D:\Development\AdventOfCode2025\cpp_src\mod.h" />
    <ClInclude Include="D:\Development\AdventOfCode2025\cpp_src\src\day00.hpp">
      <Filter>src</Filter>
    </ClInclude>
  </ItemGroup>
  <ItemGroup>
    <CustomBuild Include="D:\Development\AdventOfCode2025\cpp_src\CMakeLists.txt" />
  </ItemGroup>
  <ItemGroup>
    <Filter Include="src">
      <UniqueIdentifier>{FE84BB1F-45F6-3AA6-A36F-8CDA842AEE21}</UniqueIdentifier>
    </Filter>
  </ItemGroup>
</Project>
